
Microsoft Visual Studio Solution File, Format Version 12.00
# Visual Studio Version 16
VisualStudioVersion = 16.0.30320.27
MinimumVisualStudioVersion = 10.0.40219.1
Project("{FAE04EC0-301F-11D3-BF4B-00C04F79EFBC}") = "Astrodhyaan.UWP", "Astrodhyaan.UWP\Astrodhyaan.UWP.csproj", "{7CBCBED8-D3F1-45A8-94D9-572D8E931F4E}"
EndProject
Project("{FAE04EC0-301F-11D3-BF4B-00C04F79EFBC}") = "Astrodhyaan.Android", "Astrodhyaan.Android\Astrodhyaan.Android.csproj", "{FD954B53-D42C-467C-9361-9D9B29123636}"
EndProject
Project("{FAE04EC0-301F-11D3-BF4B-00C04F79EFBC}") = "Astrodhyaan.iOS", "Astrodhyaan.iOS\Astrodhyaan.iOS.csproj", "{4D651AD4-4698-46B3-AEFA-5F5BC4F64F0B}"
EndProject
Project("{9A19103F-16F7-4668-BE54-9A1E7A4F7556}") = "Astrodhyaan", "Astrodhyaan\Astrodhyaan.csproj", "{4487C2F9-BF97-4EAD-81E3-597CA62AB467}"
EndProject
Global
	GlobalSection(SolutionConfigurationPlatforms) = preSolution
		Debug|Any CPU = Debug|Any CPU
		Debug|ARM = Debug|ARM
		Debug|iPhone = Debug|iPhone
		Debug|iPhoneSimulator = Debug|iPhoneSimulator
		Debug|x64 = Debug|x64
		Debug|x86 = Debug|x86
		Release|Any CPU = Release|Any CPU
		Release|ARM = Release|ARM
		Release|iPhone = Release|iPhone
		Release|iPhoneSimulator = Release|iPhoneSimulator
		Release|x64 = Release|x64
		Release|x86 = Release|x86
	EndGlobalSection
	GlobalSection(ProjectConfigurationPlatforms) = postSolution
		{7CBCBED8-D3F1-45A8-94D9-572D8E931F4E}.Debug|Any CPU.ActiveCfg = Debug|x86
		{7CBCBED8-D3F1-45A8-94D9-572D8E931F4E}.Debug|Any CPU.Build.0 = Debug|x86
		{7CBCBED8-D3F1-45A8-94D9-572D8E931F4E}.Debug|Any CPU.Deploy.0 = Debug|x86
		{7CBCBED8-D3F1-45A8-94D9-572D8E931F4E}.Debug|ARM.ActiveCfg = Debug|ARM
		{7CBCBED8-D3F1-45A8-94D9-572D8E931F4E}.Debug|ARM.Build.0 = Debug|ARM
		{7CBCBED8-D3F1-45A8-94D9-572D8E931F4E}.Debug|ARM.Deploy.0 = Debug|ARM
		{7CBCBED8-D3F1-45A8-94D9-572D8E931F4E}.Debug|iPhone.ActiveCfg = Debug|x86
		{7CBCBED8-D3F1-45A8-94D9-572D8E931F4E}.Debug|iPhone.Build.0 = Debug|x86
		{7CBCBED8-D3F1-45A8-94D9-572D8E931F4E}.Debug|iPhone.Deploy.0 = Debug|x86
		{7CBCBED8-D3F1-45A8-94D9-572D8E931F4E}.Debug|iPhoneSimulator.ActiveCfg = Debug|x86
		{7CBCBED8-D3F1-45A8-94D9-572D8E931F4E}.Debug|iPhoneSimulator.Build.0 = Debug|x86
		{7CBCBED8-D3F1-45A8-94D9-572D8E931F4E}.Debug|iPhoneSimulator.Deploy.0 = Debug|x86
		{7CBCBED8-D3F1-45A8-94D9-572D8E931F4E}.Debug|x64.ActiveCfg = Debug|x64
		{7CBCBED8-D3F1-45A8-94D9-572D8E931F4E}.Debug|x64.Build.0 = Debug|x64
		{7CBCBED8-D3F1-45A8-94D9-572D8E931F4E}.Debug|x64.Deploy.0 = Debug|x64
		{7CBCBED8-D3F1-45A8-94D9-572D8E931F4E}.Debug|x86.ActiveCfg = Debug|x86
		{7CBCBED8-D3F1-45A8-94D9-572D8E931F4E}.Debug|x86.Build.0 = Debug|x86
		{7CBCBED8-D3F1-45A8-94D9-572D8E931F4E}.Debug|x86.Deploy.0 = Debug|x86
		{7CBCBED8-D3F1-45A8-94D9-572D8E931F4E}.Release|Any CPU.ActiveCfg = Release|x86
		{7CBCBED8-D3F1-45A8-94D9-572D8E931F4E}.Release|Any CPU.Build.0 = Release|x86
		{7CBCBED8-D3F1-45A8-94D9-572D8E931F4E}.Release|Any CPU.Deploy.0 = Release|x86
		{7CBCBED8-D3F1-45A8-94D9-572D8E931F4E}.Release|ARM.ActiveCfg = Release|ARM
		{7CBCBED8-D3F1-45A8-94D9-572D8E931F4E}.Release|ARM.Build.0 = Release|ARM
		{7CBCBED8-D3F1-45A8-94D9-572D8E931F4E}.Release|ARM.Deploy.0 = Release|ARM
		{7CBCBED8-D3F1-45A8-94D9-572D8E931F4E}.Release|iPhone.ActiveCfg = Release|x86
		{7CBCBED8-D3F1-45A8-94D9-572D8E931F4E}.Release|iPhone.Build.0 = Release|x86
		{7CBCBED8-D3F1-45A8-94D9-572D8E931F4E}.Release|iPhone.Deploy.0 = Release|x86
		{7CBCBED8-D3F1-45A8-94D9-572D8E931F4E}.Release|iPhoneSimulator.ActiveCfg = Release|x86
		{7CBCBED8-D3F1-45A8-94D9-572D8E931F4E}.Release|iPhoneSimulator.Build.0 = Release|x86
		{7CBCBED8-D3F1-45A8-94D9-572D8E931F4E}.Release|iPhoneSimulator.Deploy.0 = Release|x86
		{7CBCBED8-D3F1-45A8-94D9-572D8E931F4E}.Release|x64.ActiveCfg = Release|x64
		{7CBCBED8-D3F1-45A8-94D9-572D8E931F4E}.Release|x64.Build.0 = Release|x64
		{7CBCBED8-D3F1-45A8-94D9-572D8E931F4E}.Release|x64.Deploy.0 = Release|x64
		{7CBCBED8-D3F1-45A8-94D9-572D8E931F4E}.Release|x86.ActiveCfg = Release|x86
		{7CBCBED8-D3F1-45A8-94D9-572D8E931F4E}.Release|x86.Build.0 = Release|x86
		{7CBCBED8-D3F1-45A8-94D9-572D8E931F4E}.Release|x86.Deploy.0 = Release|x86
		{FD954B53-D42C-467C-9361-9D9B29123636}.Debug|Any CPU.ActiveCfg = Debug|Any CPU
		{FD954B53-D42C-467C-9361-9D9B29123636}.Debug|Any CPU.Build.0 = Debug|Any CPU
		{FD954B53-D42C-467C-9361-9D9B29123636}.Debug|Any CPU.Deploy.0 = Debug|Any CPU
		{FD954B53-D42C-467C-9361-9D9B29123636}.Debug|ARM.ActiveCfg = Debug|Any CPU
		{FD954B53-D42C-467C-9361-9D9B29123636}.Debug|ARM.Build.0 = Debug|Any CPU
		{FD954B53-D42C-467C-9361-9D9B29123636}.Debug|ARM.Deploy.0 = Debug|Any CPU
		{FD954B53-D42C-467C-9361-9D9B29123636}.Debug|iPhone.ActiveCfg = Debug|Any CPU
		{FD954B53-D42C-467C-9361-9D9B29123636}.Debug|iPhone.Build.0 = Debug|Any CPU
		{FD954B53-D42C-467C-9361-9D9B29123636}.Debug|iPhone.Deploy.0 = Debug|Any CPU
		{FD954B53-D42C-467C-9361-9D9B29123636}.Debug|iPhoneSimulator.ActiveCfg = Debug|Any CPU
		{FD954B53-D42C-467C-9361-9D9B29123636}.Debug|iPhoneSimulator.Build.0 = Debug|Any CPU
		{FD954B53-D42C-467C-9361-9D9B29123636}.Debug|iPhoneSimulator.Deploy.0 = Debug|Any CPU
		{FD954B53-D42C-467C-9361-9D9B29123636}.Debug|x64.ActiveCfg = Debug|Any CPU
		{FD954B53-D42C-467C-9361-9D9B29123636}.Debug|x64.Build.0 = Debug|Any CPU
		{FD954B53-D42C-467C-9361-9D9B29123636}.Debug|x64.Deploy.0 = Debug|Any CPU
		{FD954B53-D42C-467C-9361-9D9B29123636}.Debug|x86.ActiveCfg = Debug|Any CPU
		{FD954B53-D42C-467C-9361-9D9B29123636}.Debug|x86.Build.0 = Debug|Any CPU
		{FD954B53-D42C-467C-9361-9D9B29123636}.Debug|x86.Deploy.0 = Debug|Any CPU
		{FD954B53-D42C-467C-9361-9D9B29123636}.Release|Any CPU.ActiveCfg = Release|Any CPU
		{FD954B53-D42C-467C-9361-9D9B29123636}.Release|Any CPU.Build.0 = Release|Any CPU
		{FD954B53-D42C-467C-9361-9D9B29123636}.Release|Any CPU.Deploy.0 = Release|Any CPU
		{FD954B53-D42C-467C-9361-9D9B29123636}.Release|ARM.ActiveCfg = Release|Any CPU
		{FD954B53-D42C-467C-9361-9D9B29123636}.Release|ARM.Build.0 = Release|Any CPU
		{FD954B53-D42C-467C-9361-9D9B29123636}.Release|ARM.Deploy.0 = Release|Any CPU
		{FD954B53-D42C-467C-9361-9D9B29123636}.Release|iPhone.ActiveCfg = Release|Any CPU
		{FD954B53-D42C-467C-9361-9D9B29123636}.Release|iPhone.Build.0 = Release|Any CPU
		{FD954B53-D42C-467C-9361-9D9B29123636}.Release|iPhone.Deploy.0 = Release|Any CPU
		{FD954B53-D42C-467C-9361-9D9B29123636}.Release|iPhoneSimulator.ActiveCfg = Release|Any CPU
		{FD954B53-D42C-467C-9361-9D9B29123636}.Release|iPhoneSimulator.Build.0 = Release|Any CPU
		{FD954B53-D42C-467C-9361-9D9B29123636}.Release|iPhoneSimulator.Deploy.0 = Release|Any CPU
		{FD954B53-D42C-467C-9361-9D9B29123636}.Release|x64.ActiveCfg = Release|Any CPU
		{FD954B53-D42C-467C-9361-9D9B29123636}.Release|x64.Build.0 = Release|Any CPU
		{FD954B53-D42C-467C-9361-9D9B29123636}.Release|x64.Deploy.0 = Release|Any CPU
		{FD954B53-D42C-467C-9361-9D9B29123636}.Release|x86.ActiveCfg = Release|Any CPU
		{FD954B53-D42C-467C-9361-9D9B29123636}.Release|x86.Build.0 = Release|Any CPU
		{FD954B53-D42C-467C-9361-9D9B29123636}.Release|x86.Deploy.0 = Release|Any CPU
		{4D651AD4-4698-46B3-AEFA-5F5BC4F64F0B}.Debug|Any CPU.ActiveCfg = Debug|iPhone
		{4D651AD4-4698-46B3-AEFA-5F5BC4F64F0B}.Debug|Any CPU.Build.0 = Debug|iPhone
		{4D651AD4-4698-46B3-AEFA-5F5BC4F64F0B}.Debug|Any CPU.Deploy.0 = Debug|iPhone
		{4D651AD4-4698-46B3-AEFA-5F5BC4F64F0B}.Debug|ARM.ActiveCfg = Debug|iPhone
		{4D651AD4-4698-46B3-AEFA-5F5BC4F64F0B}.Debug|ARM.Build.0 = Debug|iPhone
		{4D651AD4-4698-46B3-AEFA-5F5BC4F64F0B}.Debug|ARM.Deploy.0 = Debug|iPhone
		{4D651AD4-4698-46B3-AEFA-5F5BC4F64F0B}.Debug|iPhone.ActiveCfg = Debug|iPhone
		{4D651AD4-4698-46B3-AEFA-5F5BC4F64F0B}.Debug|iPhone.Build.0 = Debug|iPhone
		{4D651AD4-4698-46B3-AEFA-5F5BC4F64F0B}.Debug|iPhone.Deploy.0 = Debug|iPhone
		{4D651AD4-4698-46B3-AEFA-5F5BC4F64F0B}.Debug|iPhoneSimulator.ActiveCfg = Debug|iPhoneSimulator
		{4D651AD4-4698-46B3-AEFA-5F5BC4F64F0B}.Debug|iPhoneSimulator.Build.0 = Debug|iPhoneSimulator
		{4D651AD4-4698-46B3-AEFA-5F5BC4F64F0B}.Debug|iPhoneSimulator.Deploy.0 = Debug|iPhoneSimulator
		{4D651AD4-4698-46B3-AEFA-5F5BC4F64F0B}.Debug|x64.ActiveCfg = Debug|iPhone
		{4D651AD4-4698-46B3-AEFA-5F5BC4F64F0B}.Debug|x64.Build.0 = Debug|iPhone
		{4D651AD4-4698-46B3-AEFA-5F5BC4F64F0B}.Debug|x64.Deploy.0 = Debug|iPhone
		{4D651AD4-4698-46B3-AEFA-5F5BC4F64F0B}.Debug|x86.ActiveCfg = Debug|iPhone
		{4D651AD4-4698-46B3-AEFA-5F5BC4F64F0B}.Debug|x86.Build.0 = Debug|iPhone
		{4D651AD4-4698-46B3-AEFA-5F5BC4F64F0B}.Debug|x86.Deploy.0 = Debug|iPhone
		{4D651AD4-4698-46B3-AEFA-5F5BC4F64F0B}.Release|Any CPU.ActiveCfg = Release|iPhone
		{4D651AD4-4698-46B3-AEFA-5F5BC4F64F0B}.Release|Any CPU.Build.0 = Release|iPhone
		{4D651AD4-4698-46B3-AEFA-5F5BC4F64F0B}.Release|Any CPU.Deploy.0 = Release|iPhone
		{4D651AD4-4698-46B3-AEFA-5F5BC4F64F0B}.Release|ARM.ActiveCfg = Release|iPhone
		{4D651AD4-4698-46B3-AEFA-5F5BC4F64F0B}.Release|ARM.Build.0 = Release|iPhone
		{4D651AD4-4698-46B3-AEFA-5F5BC4F64F0B}.Release|ARM.Deploy.0 = Release|iPhone
		{4D651AD4-4698-46B3-AEFA-5F5BC4F64F0B}.Release|iPhone.ActiveCfg = Release|iPhone
		{4D651AD4-4698-46B3-AEFA-5F5BC4F64F0B}.Release|iPhone.Build.0 = Release|iPhone
		{4D651AD4-4698-46B3-AEFA-5F5BC4F64F0B}.Release|iPhone.Deploy.0 = Release|iPhone
		{4D651AD4-4698-46B3-AEFA-5F5BC4F64F0B}.Release|iPhoneSimulator.ActiveCfg = Release|iPhoneSimulator
		{4D651AD4-4698-46B3-AEFA-5F5BC4F64F0B}.Release|iPhoneSimulator.Build.0 = Release|iPhoneSimulator
		{4D651AD4-4698-46B3-AEFA-5F5BC4F64F0B}.Release|iPhoneSimulator.Deploy.0 = Release|iPhoneSimulator
		{4D651AD4-4698-46B3-AEFA-5F5BC4F64F0B}.Release|x64.ActiveCfg = Release|iPhone
		{4D651AD4-4698-46B3-AEFA-5F5BC4F64F0B}.Release|x64.Build.0 = Release|iPhone
		{4D651AD4-4698-46B3-AEFA-5F5BC4F64F0B}.Release|x64.Deploy.0 = Release|iPhone
		{4D651AD4-4698-46B3-AEFA-5F5BC4F64F0B}.Release|x86.ActiveCfg = Release|iPhone
		{4D651AD4-4698-46B3-AEFA-5F5BC4F64F0B}.Release|x86.Build.0 = Release|iPhone
		{4D651AD4-4698-46B3-AEFA-5F5BC4F64F0B}.Release|x86.Deploy.0 = Release|iPhone
		{4487C2F9-BF97-4EAD-81E3-597CA62AB467}.Debug|Any CPU.ActiveCfg = Debug|Any CPU
		{4487C2F9-BF97-4EAD-81E3-597CA62AB467}.Debug|Any CPU.Build.0 = Debug|Any CPU
		{4487C2F9-BF97-4EAD-81E3-597CA62AB467}.Debug|Any CPU.Deploy.0 = Debug|Any CPU
		{4487C2F9-BF97-4EAD-81E3-597CA62AB467}.Debug|ARM.ActiveCfg = Debug|Any CPU
		{4487C2F9-BF97-4EAD-81E3-597CA62AB467}.Debug|ARM.Build.0 = Debug|Any CPU
		{4487C2F9-BF97-4EAD-81E3-597CA62AB467}.Debug|ARM.Deploy.0 = Debug|Any CPU
		{4487C2F9-BF97-4EAD-81E3-597CA62AB467}.Debug|iPhone.ActiveCfg = Debug|Any CPU
		{4487C2F9-BF97-4EAD-81E3-597CA62AB467}.Debug|iPhone.Build.0 = Debug|Any CPU
		{4487C2F9-BF97-4EAD-81E3-597CA62AB467}.Debug|iPhone.Deploy.0 = Debug|Any CPU
		{4487C2F9-BF97-4EAD-81E3-597CA62AB467}.Debug|iPhoneSimulator.ActiveCfg = Debug|Any CPU
		{4487C2F9-BF97-4EAD-81E3-597CA62AB467}.Debug|iPhoneSimulator.Build.0 = Debug|Any CPU
		{4487C2F9-BF97-4EAD-81E3-597CA62AB467}.Debug|iPhoneSimulator.Deploy.0 = Debug|Any CPU
		{4487C2F9-BF97-4EAD-81E3-597CA62AB467}.Debug|x64.ActiveCfg = Debug|Any CPU
		{4487C2F9-BF97-4EAD-81E3-597CA62AB467}.Debug|x64.Build.0 = Debug|Any CPU
		{4487C2F9-BF97-4EAD-81E3-597CA62AB467}.Debug|x64.Deploy.0 = Debug|Any CPU
		{4487C2F9-BF97-4EAD-81E3-597CA62AB467}.Debug|x86.ActiveCfg = Debug|Any CPU
		{4487C2F9-BF97-4EAD-81E3-597CA62AB467}.Debug|x86.Build.0 = Debug|Any CPU
		{4487C2F9-BF97-4EAD-81E3-597CA62AB467}.Debug|x86.Deploy.0 = Debug|Any CPU
		{4487C2F9-BF97-4EAD-81E3-597CA62AB467}.Release|Any CPU.ActiveCfg = Release|Any CPU
		{4487C2F9-BF97-4EAD-81E3-597CA62AB467}.Release|Any CPU.Build.0 = Release|Any CPU
		{4487C2F9-BF97-4EAD-81E3-597CA62AB467}.Release|Any CPU.Deploy.0 = Release|Any CPU
		{4487C2F9-BF97-4EAD-81E3-597CA62AB467}.Release|ARM.ActiveCfg = Release|Any CPU
		{4487C2F9-BF97-4EAD-81E3-597CA62AB467}.Release|ARM.Build.0 = Release|Any CPU
		{4487C2F9-BF97-4EAD-81E3-597CA62AB467}.Release|ARM.Deploy.0 = Release|Any CPU
		{4487C2F9-BF97-4EAD-81E3-597CA62AB467}.Release|iPhone.ActiveCfg = Release|Any CPU
		{4487C2F9-BF97-4EAD-81E3-597CA62AB467}.Release|iPhone.Build.0 = Release|Any CPU
		{4487C2F9-BF97-4EAD-81E3-597CA62AB467}.Release|iPhone.Deploy.0 = Release|Any CPU
		{4487C2F9-BF97-4EAD-81E3-597CA62AB467}.Release|iPhoneSimulator.ActiveCfg = Release|Any CPU
		{4487C2F9-BF97-4EAD-81E3-597CA62AB467}.Release|iPhoneSimulator.Build.0 = Release|Any CPU
		{4487C2F9-BF97-4EAD-81E3-597CA62AB467}.Release|iPhoneSimulator.Deploy.0 = Release|Any CPU
		{4487C2F9-BF97-4EAD-81E3-597CA62AB467}.Release|x64.ActiveCfg = Release|Any CPU
		{4487C2F9-BF97-4EAD-81E3-597CA62AB467}.Release|x64.Build.0 = Release|Any CPU
		{4487C2F9-BF97-4EAD-81E3-597CA62AB467}.Release|x64.Deploy.0 = Release|Any CPU
		{4487C2F9-BF97-4EAD-81E3-597CA62AB467}.Release|x86.ActiveCfg = Release|Any CPU
		{4487C2F9-BF97-4EAD-81E3-597CA62AB467}.Release|x86.Build.0 = Release|Any CPU
		{4487C2F9-BF97-4EAD-81E3-597CA62AB467}.Release|x86.Deploy.0 = Release|Any CPU
	EndGlobalSection
	GlobalSection(SolutionProperties) = preSolution
		HideSolutionNode = FALSE
	EndGlobalSection
	GlobalSection(ExtensibilityGlobals) = postSolution
		SolutionGuid = {67C4F93C-75B5-4760-8E29-775F672EC253}
	EndGlobalSection
EndGlobal
